
Microsoft Visual Studio Solution File, Format Version 12.00
# Visual Studio Version 17
VisualStudioVersion = 17.4.33122.133
MinimumVisualStudioVersion = 10.0.40219.1
Project("{9A19103F-16F7-4668-BE54-9A1E7A4F7556}") = "CarStore", "CarStore\CarStore.csproj", "{E3DB5E29-8DC8-4D66-A5FF-B72C2EB96349}"
EndProject
Global
	GlobalSection(SolutionConfigurationPlatforms) = preSolution
		Debug|Any CPU = Debug|Any CPU
		Release|Any CPU = Release|Any CPU
	EndGlobalSection
	GlobalSection(ProjectConfigurationPlatforms) = postSolution
		{E3DB5E29-8DC8-4D66-A5FF-B72C2EB96349}.Debug|Any CPU.ActiveCfg = Debug|Any CPU
		{E3DB5E29-8DC8-4D66-A5FF-B72C2EB96349}.Debug|Any CPU.Build.0 = Debug|Any CPU
		{E3DB5E29-8DC8-4D66-A5FF-B72C2EB96349}.Release|Any CPU.ActiveCfg = Release|Any CPU
		{E3DB5E29-8DC8-4D66-A5FF-B72C2EB96349}.Release|Any CPU.Build.0 = Release|Any CPU
	EndGlobalSection
	GlobalSection(SolutionProperties) = preSolution
		HideSolutionNode = FALSE
	EndGlobalSection
	GlobalSection(ExtensibilityGlobals) = postSolution
		SolutionGuid = {516516B0-0799-4AD7-B134-A8149C5DAC9D}
	EndGlobalSection
EndGlobal
